
Microsoft Visual Studio Solution File, Format Version 12.00
# Visual Studio 2013
Project("{FAE04EC0-301F-11D3-BF4B-00C04F79EFBC}") = "UnityVS.FruitJumping.CSharp.Plugins", "UnityVS.FruitJumping.CSharp.Plugins.csproj", "{4A1A253D-7D03-12E2-82DE-7ED01E9BC414}"
EndProject
Project("{FAE04EC0-301F-11D3-BF4B-00C04F79EFBC}") = "UnityVS.FruitJumping.CSharp", "UnityVS.FruitJumping.CSharp.csproj", "{AC133D48-2FCD-9EF2-8080-EB2ADF583220}"
EndProject
Project("{FAE04EC0-301F-11D3-BF4B-00C04F79EFBC}") = "UnityVS.FruitJumping.CSharp.Editor", "UnityVS.FruitJumping.CSharp.Editor.csproj", "{F7D45124-2155-39E1-4469-01F3EA3F90F2}"
EndProject
Global
	GlobalSection(SolutionConfigurationPlatforms) = preSolution
		Debug|Any CPU = Debug|Any CPU
		Release|Any CPU = Release|Any CPU
	EndGlobalSection
	GlobalSection(ProjectConfigurationPlatforms) = postSolution
		{4A1A253D-7D03-12E2-82DE-7ED01E9BC414}.Debug|Any CPU.ActiveCfg = Debug|Any CPU
		{4A1A253D-7D03-12E2-82DE-7ED01E9BC414}.Debug|Any CPU.Build.0 = Debug|Any CPU
		{4A1A253D-7D03-12E2-82DE-7ED01E9BC414}.Release|Any CPU.ActiveCfg = Release|Any CPU
		{4A1A253D-7D03-12E2-82DE-7ED01E9BC414}.Release|Any CPU.Build.0 = Release|Any CPU
		{AC133D48-2FCD-9EF2-8080-EB2ADF583220}.Debug|Any CPU.ActiveCfg = Debug|Any CPU
		{AC133D48-2FCD-9EF2-8080-EB2ADF583220}.Debug|Any CPU.Build.0 = Debug|Any CPU
		{AC133D48-2FCD-9EF2-8080-EB2ADF583220}.Release|Any CPU.ActiveCfg = Release|Any CPU
		{AC133D48-2FCD-9EF2-8080-EB2ADF583220}.Release|Any CPU.Build.0 = Release|Any CPU
		{F7D45124-2155-39E1-4469-01F3EA3F90F2}.Debug|Any CPU.ActiveCfg = Debug|Any CPU
		{F7D45124-2155-39E1-4469-01F3EA3F90F2}.Debug|Any CPU.Build.0 = Debug|Any CPU
		{F7D45124-2155-39E1-4469-01F3EA3F90F2}.Release|Any CPU.ActiveCfg = Release|Any CPU
		{F7D45124-2155-39E1-4469-01F3EA3F90F2}.Release|Any CPU.Build.0 = Release|Any CPU
	EndGlobalSection
	GlobalSection(SolutionProperties) = preSolution
		HideSolutionNode = FALSE
	EndGlobalSection
EndGlobal
